
Microsoft Visual Studio Solution File, Format Version 12.00
Project("{FAE04EC0-301F-11D3-BF4B-00C04F79EFBC}") = "TrailFinder.Api", "TrailFinder.Api\TrailFinder.Api.csproj", "{A24BEB83-DCAB-4A89-838C-2D9501875DF9}"
EndProject
Project("{FAE04EC0-301F-11D3-BF4B-00C04F79EFBC}") = "TrailFinder.Core", "TrailFinder.Core\TrailFinder.Core.csproj", "{3102675F-9117-4404-824D-9B76B192BF92}"
EndProject
Project("{FAE04EC0-301F-11D3-BF4B-00C04F79EFBC}") = "TrailFinder.DB", "TrailFinder.DB\TrailFinder.DB.csproj", "{40A931C2-7655-43E7-A7E5-CA449317698B}"
EndProject
Project("{FAE04EC0-301F-11D3-BF4B-00C04F79EFBC}") = "TrailFinder.Web", "TrailFinder.Web\TrailFinder.Web.csproj", "{A7EF030C-FFDA-4C13-8437-448460377DB1}"
EndProject
Project("{FAE04EC0-301F-11D3-BF4B-00C04F79EFBC}") = "TrailFinder.Infrastructure", "TrailFinder.Infrastructure\TrailFinder.Infrastructure.csproj", "{70C45BAC-8178-4FD5-90E1-05F977749D31}"
EndProject
Project("{2150E333-8FDC-42A3-9474-1A3956D46DE8}") = "tests", "tests", "{296F7DD0-6A6B-44A1-8DF8-484091D935E9}"
EndProject
Project("{FAE04EC0-301F-11D3-BF4B-00C04F79EFBC}") = "TrailFinder.Api.Tests", "TrailFinder.Api.Tests\TrailFinder.Api.Tests.csproj", "{DDEA7B5F-F120-48B8-9B16-F0897EED0E58}"
EndProject
Project("{FAE04EC0-301F-11D3-BF4B-00C04F79EFBC}") = "TrailFinder.IntegrationTests", "TrailFinder.IntegrationTests\TrailFinder.IntegrationTests.csproj", "{6CE53C57-2894-46F3-8F61-163C07301C87}"
EndProject
Project("{FAE04EC0-301F-11D3-BF4B-00C04F79EFBC}") = "TrailFinder.Application", "TrailFinder.Application\TrailFinder.Application.csproj", "{C824F9D4-18B8-4BC1-96A4-A83D1A6E6A96}"
EndProject
Project("{FAE04EC0-301F-11D3-BF4B-00C04F79EFBC}") = "TrailFinder.Contract", "TrailFinder.Contract\TrailFinder.Contract.csproj", "{3D30C55B-E523-4882-B0D9-D0E85AA974A6}"
EndProject
Project("{FAE04EC0-301F-11D3-BF4B-00C04F79EFBC}") = "TrailFinder.Admin", "TrailFinder.Admin\TrailFinder.Admin.csproj", "{8FC7A367-5640-4D90-A875-3752870CD206}"
EndProject
Global
	GlobalSection(SolutionConfigurationPlatforms) = preSolution
		Debug|Any CPU = Debug|Any CPU
		Release|Any CPU = Release|Any CPU
	EndGlobalSection
	GlobalSection(ProjectConfigurationPlatforms) = postSolution
		{A24BEB83-DCAB-4A89-838C-2D9501875DF9}.Debug|Any CPU.ActiveCfg = Debug|Any CPU
		{A24BEB83-DCAB-4A89-838C-2D9501875DF9}.Debug|Any CPU.Build.0 = Debug|Any CPU
		{A24BEB83-DCAB-4A89-838C-2D9501875DF9}.Release|Any CPU.ActiveCfg = Release|Any CPU
		{A24BEB83-DCAB-4A89-838C-2D9501875DF9}.Release|Any CPU.Build.0 = Release|Any CPU
		{3102675F-9117-4404-824D-9B76B192BF92}.Debug|Any CPU.ActiveCfg = Debug|Any CPU
		{3102675F-9117-4404-824D-9B76B192BF92}.Debug|Any CPU.Build.0 = Debug|Any CPU
		{3102675F-9117-4404-824D-9B76B192BF92}.Release|Any CPU.ActiveCfg = Release|Any CPU
		{3102675F-9117-4404-824D-9B76B192BF92}.Release|Any CPU.Build.0 = Release|Any CPU
		{40A931C2-7655-43E7-A7E5-CA449317698B}.Debug|Any CPU.ActiveCfg = Debug|Any CPU
		{40A931C2-7655-43E7-A7E5-CA449317698B}.Debug|Any CPU.Build.0 = Debug|Any CPU
		{40A931C2-7655-43E7-A7E5-CA449317698B}.Release|Any CPU.ActiveCfg = Release|Any CPU
		{40A931C2-7655-43E7-A7E5-CA449317698B}.Release|Any CPU.Build.0 = Release|Any CPU
		{A7EF030C-FFDA-4C13-8437-448460377DB1}.Debug|Any CPU.ActiveCfg = Debug|Any CPU
		{A7EF030C-FFDA-4C13-8437-448460377DB1}.Debug|Any CPU.Build.0 = Debug|Any CPU
		{A7EF030C-FFDA-4C13-8437-448460377DB1}.Release|Any CPU.ActiveCfg = Release|Any CPU
		{A7EF030C-FFDA-4C13-8437-448460377DB1}.Release|Any CPU.Build.0 = Release|Any CPU
		{70C45BAC-8178-4FD5-90E1-05F977749D31}.Debug|Any CPU.ActiveCfg = Debug|Any CPU
		{70C45BAC-8178-4FD5-90E1-05F977749D31}.Debug|Any CPU.Build.0 = Debug|Any CPU
		{70C45BAC-8178-4FD5-90E1-05F977749D31}.Release|Any CPU.ActiveCfg = Release|Any CPU
		{70C45BAC-8178-4FD5-90E1-05F977749D31}.Release|Any CPU.Build.0 = Release|Any CPU
		{DDEA7B5F-F120-48B8-9B16-F0897EED0E58}.Debug|Any CPU.ActiveCfg = Debug|Any CPU
		{DDEA7B5F-F120-48B8-9B16-F0897EED0E58}.Debug|Any CPU.Build.0 = Debug|Any CPU
		{DDEA7B5F-F120-48B8-9B16-F0897EED0E58}.Release|Any CPU.ActiveCfg = Release|Any CPU
		{DDEA7B5F-F120-48B8-9B16-F0897EED0E58}.Release|Any CPU.Build.0 = Release|Any CPU
		{6CE53C57-2894-46F3-8F61-163C07301C87}.Debug|Any CPU.ActiveCfg = Debug|Any CPU
		{6CE53C57-2894-46F3-8F61-163C07301C87}.Debug|Any CPU.Build.0 = Debug|Any CPU
		{6CE53C57-2894-46F3-8F61-163C07301C87}.Release|Any CPU.ActiveCfg = Release|Any CPU
		{6CE53C57-2894-46F3-8F61-163C07301C87}.Release|Any CPU.Build.0 = Release|Any CPU
		{C824F9D4-18B8-4BC1-96A4-A83D1A6E6A96}.Debug|Any CPU.ActiveCfg = Debug|Any CPU
		{C824F9D4-18B8-4BC1-96A4-A83D1A6E6A96}.Debug|Any CPU.Build.0 = Debug|Any CPU
		{C824F9D4-18B8-4BC1-96A4-A83D1A6E6A96}.Release|Any CPU.ActiveCfg = Release|Any CPU
		{C824F9D4-18B8-4BC1-96A4-A83D1A6E6A96}.Release|Any CPU.Build.0 = Release|Any CPU
		{3D30C55B-E523-4882-B0D9-D0E85AA974A6}.Debug|Any CPU.ActiveCfg = Debug|Any CPU
		{3D30C55B-E523-4882-B0D9-D0E85AA974A6}.Debug|Any CPU.Build.0 = Debug|Any CPU
		{3D30C55B-E523-4882-B0D9-D0E85AA974A6}.Release|Any CPU.ActiveCfg = Release|Any CPU
		{3D30C55B-E523-4882-B0D9-D0E85AA974A6}.Release|Any CPU.Build.0 = Release|Any CPU
		{8FC7A367-5640-4D90-A875-3752870CD206}.Debug|Any CPU.ActiveCfg = Debug|Any CPU
		{8FC7A367-5640-4D90-A875-3752870CD206}.Debug|Any CPU.Build.0 = Debug|Any CPU
		{8FC7A367-5640-4D90-A875-3752870CD206}.Release|Any CPU.ActiveCfg = Release|Any CPU
		{8FC7A367-5640-4D90-A875-3752870CD206}.Release|Any CPU.Build.0 = Release|Any CPU
	EndGlobalSection
	GlobalSection(NestedProjects) = preSolution
		{DDEA7B5F-F120-48B8-9B16-F0897EED0E58} = {296F7DD0-6A6B-44A1-8DF8-484091D935E9}
		{6CE53C57-2894-46F3-8F61-163C07301C87} = {296F7DD0-6A6B-44A1-8DF8-484091D935E9}
	EndGlobalSection
EndGlobal